
Microsoft Visual Studio Solution File, Format Version 12.00
# Visual Studio Version 16
VisualStudioVersion = 16.0.31005.135
MinimumVisualStudioVersion = 10.0.40219.1
Project("{9A19103F-16F7-4668-BE54-9A1E7A4F7556}") = "DataAccess", "DataAccess\DataAccess.csproj", "{F95C7B38-692C-412B-BC3D-0B66FC9ED58F}"
EndProject
Project("{9A19103F-16F7-4668-BE54-9A1E7A4F7556}") = "Business", "Business\Business.csproj", "{76397373-02AC-4121-8A21-792706F5913A}"
EndProject
Project("{9A19103F-16F7-4668-BE54-9A1E7A4F7556}") = "Entities", "Entities\Entities.csproj", "{F34D5308-B3D8-49C8-927D-B0F181212ECC}"
EndProject
Project("{9A19103F-16F7-4668-BE54-9A1E7A4F7556}") = "Core", "Core\Core.csproj", "{EA9E9D5A-408D-428F-B0F5-F4DFE7D09445}"
EndProject
Project("{9A19103F-16F7-4668-BE54-9A1E7A4F7556}") = "ConsoleUI", "ConsoleUI\ConsoleUI.csproj", "{E1AB3A41-5801-47DB-BAF8-CC449C9C93DF}"
EndProject
Project("{9A19103F-16F7-4668-BE54-9A1E7A4F7556}") = "WebAPI", "WebAPI\WebAPI.csproj", "{C6E90620-97A0-4C42-85DA-323E85F05B89}"
EndProject
Global
	GlobalSection(SolutionConfigurationPlatforms) = preSolution
		Debug|Any CPU = Debug|Any CPU
		Release|Any CPU = Release|Any CPU
	EndGlobalSection
	GlobalSection(ProjectConfigurationPlatforms) = postSolution
		{F95C7B38-692C-412B-BC3D-0B66FC9ED58F}.Debug|Any CPU.ActiveCfg = Debug|Any CPU
		{F95C7B38-692C-412B-BC3D-0B66FC9ED58F}.Debug|Any CPU.Build.0 = Debug|Any CPU
		{F95C7B38-692C-412B-BC3D-0B66FC9ED58F}.Release|Any CPU.ActiveCfg = Release|Any CPU
		{F95C7B38-692C-412B-BC3D-0B66FC9ED58F}.Release|Any CPU.Build.0 = Release|Any CPU
		{76397373-02AC-4121-8A21-792706F5913A}.Debug|Any CPU.ActiveCfg = Debug|Any CPU
		{76397373-02AC-4121-8A21-792706F5913A}.Debug|Any CPU.Build.0 = Debug|Any CPU
		{76397373-02AC-4121-8A21-792706F5913A}.Release|Any CPU.ActiveCfg = Release|Any CPU
		{76397373-02AC-4121-8A21-792706F5913A}.Release|Any CPU.Build.0 = Release|Any CPU
		{F34D5308-B3D8-49C8-927D-B0F181212ECC}.Debug|Any CPU.ActiveCfg = Debug|Any CPU
		{F34D5308-B3D8-49C8-927D-B0F181212ECC}.Debug|Any CPU.Build.0 = Debug|Any CPU
		{F34D5308-B3D8-49C8-927D-B0F181212ECC}.Release|Any CPU.ActiveCfg = Release|Any CPU
		{F34D5308-B3D8-49C8-927D-B0F181212ECC}.Release|Any CPU.Build.0 = Release|Any CPU
		{EA9E9D5A-408D-428F-B0F5-F4DFE7D09445}.Debug|Any CPU.ActiveCfg = Debug|Any CPU
		{EA9E9D5A-408D-428F-B0F5-F4DFE7D09445}.Debug|Any CPU.Build.0 = Debug|Any CPU
		{EA9E9D5A-408D-428F-B0F5-F4DFE7D09445}.Release|Any CPU.ActiveCfg = Release|Any CPU
		{EA9E9D5A-408D-428F-B0F5-F4DFE7D09445}.Release|Any CPU.Build.0 = Release|Any CPU
		{E1AB3A41-5801-47DB-BAF8-CC449C9C93DF}.Debug|Any CPU.ActiveCfg = Debug|Any CPU
		{E1AB3A41-5801-47DB-BAF8-CC449C9C93DF}.Debug|Any CPU.Build.0 = Debug|Any CPU
		{E1AB3A41-5801-47DB-BAF8-CC449C9C93DF}.Release|Any CPU.ActiveCfg = Release|Any CPU
		{E1AB3A41-5801-47DB-BAF8-CC449C9C93DF}.Release|Any CPU.Build.0 = Release|Any CPU
		{C6E90620-97A0-4C42-85DA-323E85F05B89}.Debug|Any CPU.ActiveCfg = Debug|Any CPU
		{C6E90620-97A0-4C42-85DA-323E85F05B89}.Debug|Any CPU.Build.0 = Debug|Any CPU
		{C6E90620-97A0-4C42-85DA-323E85F05B89}.Release|Any CPU.ActiveCfg = Release|Any CPU
		{C6E90620-97A0-4C42-85DA-323E85F05B89}.Release|Any CPU.Build.0 = Release|Any CPU
	EndGlobalSection
	GlobalSection(SolutionProperties) = preSolution
		HideSolutionNode = FALSE
	EndGlobalSection
	GlobalSection(ExtensibilityGlobals) = postSolution
		SolutionGuid = {4F309A93-D4AB-4947-AFE0-ABF76F0F7D84}
	EndGlobalSection
EndGlobal
